lockfileVersion: '9.0'

settings:
  autoInstallPeers: true
  excludeLinksFromLockfile: false

importers:

  .:
    dependencies:
      '@hathq/projection-contracts':
        specifier: file:../../../../../../../.artifacts/npm/a3ed9b9cd4e7bde586e156621be33713a464142b9b94bced051f745a5bf9dd26/hathq-projection-contracts-0.10.0.tgz
        version: file:../../../../../../../.artifacts/npm/a3ed9b9cd4e7bde586e156621be33713a464142b9b94bced051f745a5bf9dd26/hathq-projection-contracts-0.10.0.tgz

packages:

  '@hathq/projection-contracts@file:../../../../../../../.artifacts/npm/a3ed9b9cd4e7bde586e156621be33713a464142b9b94bced051f745a5bf9dd26/hathq-projection-contracts-0.10.0.tgz':
    resolution: {integrity: sha512-1agSoVm9NwM8dkUsJbOQJcDic55U6lLk7i1SUUHfEcBXTn7AsipFIxj3S1KC8+ajw6IHHv7K9UPwjmZxXk38CQ==, tarball: file:../../../../../../../.artifacts/npm/a3ed9b9cd4e7bde586e156621be33713a464142b9b94bced051f745a5bf9dd26/hathq-projection-contracts-0.10.0.tgz}
    version: 0.10.0
    engines: {node: '>=22'}

  '@zixcel/interaction@file:../../../../../../../.artifacts/npm/1c2d6e15a4212e2459887589f3e79781a9902f0ebbf44f12dc76bd75e82efa66/zixcel-interaction-0.10.0.tgz':
    resolution: {integrity: sha512-3XOHU/VPEGosjHRfEC1DMta6P8s3w6NTum1dzWzOfn2aCK6GoKWzZtjQLWer/YyxwroBZh6vLWVgrDFsk2fEMA==, tarball: file:../../../../../../../.artifacts/npm/1c2d6e15a4212e2459887589f3e79781a9902f0ebbf44f12dc76bd75e82efa66/zixcel-interaction-0.10.0.tgz}
    version: 0.10.0

  ohash@2.0.11:
    resolution: {integrity: sha512-RdR9FQrFwNBNXAr4GixM8YaRZRJ5PUWbKYbE5eOsrwAjJW0q2REGcf79oYPsLyskQCZG1PLN+S/K1V00joZAoQ==}

snapshots:

  '@hathq/projection-contracts@file:../../../../../../../.artifacts/npm/a3ed9b9cd4e7bde586e156621be33713a464142b9b94bced051f745a5bf9dd26/hathq-projection-contracts-0.10.0.tgz':
    dependencies:
      '@zixcel/interaction': file:../../../../../../../.artifacts/npm/1c2d6e15a4212e2459887589f3e79781a9902f0ebbf44f12dc76bd75e82efa66/zixcel-interaction-0.10.0.tgz
      ohash: 2.0.11

  '@zixcel/interaction@file:../../../../../../../.artifacts/npm/1c2d6e15a4212e2459887589f3e79781a9902f0ebbf44f12dc76bd75e82efa66/zixcel-interaction-0.10.0.tgz': {}

  ohash@2.0.11: {}
